
Microsoft Visual Studio Solution File, Format Version 12.00
Project("{FAE04EC0-301F-11D3-BF4B-00C04F79EFBC}") = "ASP.NETCoreWebApplication1", "ASP.NETCoreWebApplication1\ASP.NETCoreWebApplication1.csproj", "{19067D4F-BF3E-4A07-95AC-6C2688C1FE16}"
EndProject
Global
	GlobalSection(SolutionConfigurationPlatforms) = preSolution
		Debug|Any CPU = Debug|Any CPU
		Release|Any CPU = Release|Any CPU
	EndGlobalSection
	GlobalSection(ProjectConfigurationPlatforms) = postSolution
		{19067D4F-BF3E-4A07-95AC-6C2688C1FE16}.Debug|Any CPU.ActiveCfg = Debug|Any CPU
		{19067D4F-BF3E-4A07-95AC-6C2688C1FE16}.Debug|Any CPU.Build.0 = Debug|Any CPU
		{19067D4F-BF3E-4A07-95AC-6C2688C1FE16}.Release|Any CPU.ActiveCfg = Release|Any CPU
		{19067D4F-BF3E-4A07-95AC-6C2688C1FE16}.Release|Any CPU.Build.0 = Release|Any CPU
	EndGlobalSection
EndGlobal
